
Microsoft Visual Studio Solution File, Format Version 12.00
# Visual Studio Version 17
VisualStudioVersion = 17.5.33424.131
MinimumVisualStudioVersion = 10.0.40219.1
Project("{FAE04EC0-301F-11D3-BF4B-00C04F79EFBC}") = "Kitaplık_Access_Proje", "Kitaplık_Access_Proje.csproj", "{AAEECB84-10CC-43BC-A2D0-B92EA6ABA1B7}"
EndProject
Global
	GlobalSection(SolutionConfigurationPlatforms) = preSolution
		Debug|Any CPU = Debug|Any CPU
		Debug|x64 = Debug|x64
		Release|Any CPU = Release|Any CPU
		Release|x64 = Release|x64
	EndGlobalSection
	GlobalSection(ProjectConfigurationPlatforms) = postSolution
		{AAEECB84-10CC-43BC-A2D0-B92EA6ABA1B7}.Debug|Any CPU.ActiveCfg = Debug|Any CPU
		{AAEECB84-10CC-43BC-A2D0-B92EA6ABA1B7}.Debug|Any CPU.Build.0 = Debug|Any CPU
		{AAEECB84-10CC-43BC-A2D0-B92EA6ABA1B7}.Debug|x64.ActiveCfg = Debug|x64
		{AAEECB84-10CC-43BC-A2D0-B92EA6ABA1B7}.Debug|x64.Build.0 = Debug|x64
		{AAEECB84-10CC-43BC-A2D0-B92EA6ABA1B7}.Release|Any CPU.ActiveCfg = Release|Any CPU
		{AAEECB84-10CC-43BC-A2D0-B92EA6ABA1B7}.Release|Any CPU.Build.0 = Release|Any CPU
		{AAEECB84-10CC-43BC-A2D0-B92EA6ABA1B7}.Release|x64.ActiveCfg = Release|x64
		{AAEECB84-10CC-43BC-A2D0-B92EA6ABA1B7}.Release|x64.Build.0 = Release|x64
	EndGlobalSection
	GlobalSection(SolutionProperties) = preSolution
		HideSolutionNode = FALSE
	EndGlobalSection
	GlobalSection(ExtensibilityGlobals) = postSolution
		SolutionGuid = {F6CCE70F-B4FD-4D8D-A005-5F4A6A8A2178}
	EndGlobalSection
EndGlobal
